<Solution>
  <Folder Name="/.github/" />
  <Folder Name="/.github/workflows/">
    <File Path=".github/workflows/ci.yml" />
    <File Path=".github/workflows/docker.yml" />
    <File Path=".github/workflows/release.yml" />
  </Folder>
  <Folder Name="/docs/">
    <File Path="docs/FOLLOWUP.md" />
    <File Path="docs/IDEA.md" />
    <File Path="docs/TASKS-TEMPLATE.md" />
  </Folder>
  <Folder Name="/docs/adr/">
    <File Path="docs/adr/Library-Embeddings-01.md" />
    <File Path="docs/adr/Library-Storage-PgVector-01.md" />
    <File Path="docs/adr/Observability-01.md" />
    <File Path="docs/adr/Web-LocalMetrics-01.md" />
    <File Path="docs/adr/Web-Storage-EF-01.md" />
  </Folder>
  <Folder Name="/scripts/">
    <File Path="scripts/pg-start.ps1" />
    <File Path="scripts/pg-stop.ps1" />
  </Folder>
  <Folder Name="/Solution Items/">
    <File Path=".mcp.json" />
    <File Path="AGENTS.md" />
    <File Path="ARCHITECTURE.md" />
    <File Path="docker-compose.yml" />
    <File Path="download-models.ps1" />
    <File Path="GETTING-STARTED.md" />
    <File Path="opencode.json" />
    <File Path="README.md" />
    <File Path="RELEASING.md" />
  </Folder>
  <Folder Name="/src/">
    <Project Path="src/CodeMemory.AppHost/CodeMemory.AppHost.csproj" Id="d2399944-5866-4829-8ec2-e85b806cfed5" />
    <Project Path="src/CodeMemory.AspNet.Extensions/CodeMemory.AspNet.Extensions.csproj" />
    <Project Path="src/CodeMemory.AspNet/CodeMemory.AspNet.csproj" />
    <Project Path="src/CodeMemory.Mcp/CodeMemory.Mcp.csproj" />
    <Project Path="src/CodeMemory.ServiceDefaults/CodeMemory.ServiceDefaults.csproj" />
    <Project Path="src/CodeMemory/CodeMemory.csproj" />
  </Folder>
  <Folder Name="/tests/">
    <Project Path="tests/CodeMemory.Tests/CodeMemory.Tests.csproj" />
  </Folder>
</Solution>
